
Microsoft Visual Studio Solution File, Format Version 11.00
# Visual Studio 2010
Project("{8BC9CEB8-8B4A-11D0-8D11-00A0C91BC942}") = "mos", "mos.vcxproj", "{FDCBB226-0B36-4AB8-8116-EBB048A5EE5D}"
EndProject
Project("{8BC9CEB8-8B4A-11D0-8D11-00A0C91BC942}") = "ui", "..\ui\ui.vcxproj", "{6B5EE789-D2BE-44BE-8633-72CB0AADE80B}"
EndProject
Global
	GlobalSection(SolutionConfigurationPlatforms) = preSolution
		Debug|Win32 = Debug|Win32
		Release|Win32 = Release|Win32
	EndGlobalSection
	GlobalSection(ProjectConfigurationPlatforms) = postSolution
		{FDCBB226-0B36-4AB8-8116-EBB048A5EE5D}.Debug|Win32.ActiveCfg = Debug|Win32
		{FDCBB226-0B36-4AB8-8116-EBB048A5EE5D}.Debug|Win32.Build.0 = Debug|Win32
		{FDCBB226-0B36-4AB8-8116-EBB048A5EE5D}.Release|Win32.ActiveCfg = Release|Win32
		{FDCBB226-0B36-4AB8-8116-EBB048A5EE5D}.Release|Win32.Build.0 = Release|Win32
		{6B5EE789-D2BE-44BE-8633-72CB0AADE80B}.Debug|Win32.ActiveCfg = Debug|Win32
		{6B5EE789-D2BE-44BE-8633-72CB0AADE80B}.Release|Win32.ActiveCfg = Release|Win32
	EndGlobalSection
	GlobalSection(SolutionProperties) = preSolution
		HideSolutionNode = FALSE
	EndGlobalSection
EndGlobal
