<?xml version="1.0" encoding="utf-8"?>
<Project ToolsVersion="4.0" xmlns="http://schemas.microsoft.com/developer/msbuild/2003">
  <ItemGroup>
    <Filter Include="ui">
      <UniqueIdentifier>{param wrong please use crc --help }</UniqueIdentifier>
    </Filter>
    <Filter Include="ex">
      <UniqueIdentifier>{param wrong please use crc --help }</UniqueIdentifier>
    </Filter>
    <Filter Include="clib">
      <UniqueIdentifier>{d70de0cb-10f6-42d6-bebe-252e03114aa4}</UniqueIdentifier>
    </Filter>
    <Filter Include="core">
      <UniqueIdentifier>{d52b1d21-1951-4bb7-9e65-6210aea6327e}</UniqueIdentifier>
    </Filter>
    <Filter Include="game">
      <UniqueIdentifier>{1f956610-fb4c-42d9-b594-51bf872a6679}</UniqueIdentifier>
    </Filter>
    <Filter Include="keyword">
      <UniqueIdentifier>{c0f0fba9-f3b7-4692-9c29-2fe5fdc5ca0b}</UniqueIdentifier>
    </Filter>
    <Filter Include="db">
      <UniqueIdentifier>{92fce7d8-8c58-4f72-b50e-1c952b4a10a0}</UniqueIdentifier>
    </Filter>
    <Filter Include="resources">
      <UniqueIdentifier>{51b971a4-1a4c-4de9-bae7-c7d7115e2f0c}</UniqueIdentifier>
    </Filter>
    <Filter Include="resources\shaders">
      <UniqueIdentifier>{32ae5cb4-b2f0-4f60-b84a-16cfd98cf819}</UniqueIdentifier>
    </Filter>
    <Filter Include="base">
      <UniqueIdentifier>{cfb45cba-3d0a-4042-b53c-75c7f5c7105d}</UniqueIdentifier>
    </Filter>
    <Filter Include="net">
      <UniqueIdentifier>{1f78783b-844c-4155-a5dd-e1d28795b0f9}</UniqueIdentifier>
    </Filter>
  </ItemGroup>
  <ItemGroup>
    <None Include="ui\window.lua">
      <Filter>ui</Filter>
    </None>
    <None Include="ui\cell.lua">
      <Filter>ui</Filter>
    </None>
    <None Include="ui\image.lua">
      <Filter>ui</Filter>
    </None>
    <None Include="ui\button.lua">
      <Filter>ui</Filter>
    </None>
    <None Include="ui\root.lua">
      <Filter>ui</Filter>
    </None>
    <None Include="ui\ui.lua">
      <Filter>ui</Filter>
    </None>
    <None Include="ex\table_ex.lua">
      <Filter>ex</Filter>
    </None>
    <None Include="ex\sort_ex.lua">
      <Filter>ex</Filter>
    </None>
    <None Include="ex\string_ex.lua">
      <Filter>ex</Filter>
    </None>
    <None Include="ex\class.lua">
      <Filter>ex</Filter>
    </None>
    <None Include="ui\layer.lua">
      <Filter>ui</Filter>
    </None>
    <None Include="main.lua" />
    <None Include="clib\cdriver.lua">
      <Filter>clib</Filter>
    </None>
    <None Include="monk.lua" />
    <None Include="core\timer.lua">
      <Filter>core</Filter>
    </None>
    <None Include="ui\msgbox.lua">
      <Filter>ui</Filter>
    </None>
    <None Include="ui\label.lua">
      <Filter>ui</Filter>
    </None>
    <None Include="ui\text.lua">
      <Filter>ui</Filter>
    </None>
    <None Include="ui\menu.lua">
      <Filter>ui</Filter>
    </None>
    <None Include="ui\menu_popup.lua">
      <Filter>ui</Filter>
    </None>
    <None Include="ui\mitem.lua">
      <Filter>ui</Filter>
    </None>
    <None Include="ui\box.lua">
      <Filter>ui</Filter>
    </None>
    <None Include="core\timer_vector.lua">
      <Filter>core</Filter>
    </None>
    <None Include="core\timer_list.lua">
      <Filter>core</Filter>
    </None>
    <None Include="core\timer_map.lua">
      <Filter>core</Filter>
    </None>
    <None Include="game\move.lua">
      <Filter>game</Filter>
    </None>
    <None Include="game\ani.lua">
      <Filter>game</Filter>
    </None>
    <None Include="game\sprite.lua">
      <Filter>game</Filter>
    </None>
    <None Include="..\..\..\..\..\Lib\lua\keyword.lua">
      <Filter>keyword</Filter>
    </None>
    <None Include="..\..\..\..\..\Lib\lua\my_keyword.lua">
      <Filter>keyword</Filter>
    </None>
    <None Include="game\map.lua">
      <Filter>game</Filter>
    </None>
    <None Include="core\timer_everyframe.lua">
      <Filter>core</Filter>
    </None>
    <None Include="game\ai.lua">
      <Filter>game</Filter>
    </None>
    <None Include="core\emitter.lua">
      <Filter>core</Filter>
    </None>
    <None Include="test.lua" />
    <None Include="game\camera.lua">
      <Filter>game</Filter>
    </None>
    <None Include="todo.txt" />
    <None Include="db\ani_data.lua">
      <Filter>db</Filter>
    </None>
    <None Include="..\readme.txt" />
    <None Include="Resources\shaders\palette_fragment.txt">
      <Filter>resources\shaders</Filter>
    </None>
    <None Include="Resources\shaders\palette_vertex.txt">
      <Filter>resources\shaders</Filter>
    </None>
    <None Include="game\sprite_body.lua">
      <Filter>game</Filter>
    </None>
    <None Include="resources\shaders\light_fragment.txt">
      <Filter>resources\shaders</Filter>
    </None>
    <None Include="resources\shaders\light_vertex.txt">
      <Filter>resources\shaders</Filter>
    </None>
    <None Include="resources\shaders\dark_fragment.txt">
      <Filter>resources\shaders</Filter>
    </None>
    <None Include="resources\shaders\dark_vertex.txt">
      <Filter>resources\shaders</Filter>
    </None>
    <None Include="resources\shaders\room_fragment.txt">
      <Filter>resources\shaders</Filter>
    </None>
    <None Include="resources\shaders\room_vertex.txt">
      <Filter>resources\shaders</Filter>
    </None>
    <None Include="game\image_map.lua">
      <Filter>game</Filter>
    </None>
    <None Include="base\ldb.lua">
      <Filter>base</Filter>
    </None>
    <None Include="base\linecache.lua">
      <Filter>base</Filter>
    </None>
    <None Include="base\traceback.lua">
      <Filter>base</Filter>
    </None>
    <None Include="net\msg.lua">
      <Filter>net</Filter>
    </None>
    <None Include="base\serpent.lua">
      <Filter>base</Filter>
    </None>
    <None Include="net\socket.lua">
      <Filter>net</Filter>
    </None>
    <None Include="game\action.lua">
      <Filter>game</Filter>
    </None>
  </ItemGroup>
</Project>